
Microsoft Visual Studio Solution File, Format Version 12.00
# Visual Studio Version 17
VisualStudioVersion = 17.2.32526.322
MinimumVisualStudioVersion = 10.0.40219.1
Project("{FAE04EC0-301F-11D3-BF4B-00C04F79EFBC}") = "Final-Project", "Final-Project\Final-Project.csproj", "{27409A57-B707-44BE-918B-9C5082C1BE46}"
EndProject
Global
	GlobalSection(SolutionConfigurationPlatforms) = preSolution
		Debug|Any CPU = Debug|Any CPU
		Release|Any CPU = Release|Any CPU
	EndGlobalSection
	GlobalSection(ProjectConfigurationPlatforms) = postSolution
		{27409A57-B707-44BE-918B-9C5082C1BE46}.Debug|Any CPU.ActiveCfg = Debug|Any CPU
		{27409A57-B707-44BE-918B-9C5082C1BE46}.Debug|Any CPU.Build.0 = Debug|Any CPU
		{27409A57-B707-44BE-918B-9C5082C1BE46}.Release|Any CPU.ActiveCfg = Release|Any CPU
		{27409A57-B707-44BE-918B-9C5082C1BE46}.Release|Any CPU.Build.0 = Release|Any CPU
	EndGlobalSection
	GlobalSection(SolutionProperties) = preSolution
		HideSolutionNode = FALSE
	EndGlobalSection
	GlobalSection(ExtensibilityGlobals) = postSolution
		SolutionGuid = {EC864B4F-E19B-45D8-86D0-831BCAAD2DE0}
	EndGlobalSection
EndGlobal
